// !$*UTF8*$!
{
	archiveVersion = 1;
	classes = {
	};
	objectVersion = 56;
	objects = {

/* Begin PBXBuildFile section */
		BA4F8F752A415935007D9A40 /* RMLocation.swift in Sources */ = {isa = PBXBuildFile; fileRef = BA4F8F742A415935007D9A40 /* RMLocation.swift */; };
		BA4F8F772A41593F007D9A40 /* RMCharacter.swift in Sources */ = {isa = PBXBuildFile; fileRef = BA4F8F762A41593E007D9A40 /* RMCharacter.swift */; };
		BA4F8F792A415948007D9A40 /* RMEpisode.swift in Sources */ = {isa = PBXBuildFile; fileRef = BA4F8F782A415948007D9A40 /* RMEpisode.swift */; };
		BA4F8F7C2A4159DA007D9A40 /* RMCharactersViewController.swift in Sources */ = {isa = PBXBuildFile; fileRef = BA4F8F7B2A4159DA007D9A40 /* RMCharactersViewController.swift */; };
		BA4F8F7E2A4159F2007D9A40 /* RMLocationsViewController.swift in Sources */ = {isa = PBXBuildFile; fileRef = BA4F8F7D2A4159F2007D9A40 /* RMLocationsViewController.swift */; };
		BA4F8F802A415A04007D9A40 /* RMEpisodesViewController.swift in Sources */ = {isa = PBXBuildFile; fileRef = BA4F8F7F2A415A04007D9A40 /* RMEpisodesViewController.swift */; };
		BA4F8F822A415A1C007D9A40 /* RMSettingsViewController.swift in Sources */ = {isa = PBXBuildFile; fileRef = BA4F8F812A415A1C007D9A40 /* RMSettingsViewController.swift */; };
		BA8DCC412A41631300005131 /* RMService.swift in Sources */ = {isa = PBXBuildFile; fileRef = BA8DCC402A41631300005131 /* RMService.swift */; };
		BA8DCC432A41633600005131 /* RMRequest.swift in Sources */ = {isa = PBXBuildFile; fileRef = BA8DCC422A41633600005131 /* RMRequest.swift */; };
		BA8DCC452A4163BB00005131 /* RMEndpoint.swift in Sources */ = {isa = PBXBuildFile; fileRef = BA8DCC442A4163BB00005131 /* RMEndpoint.swift */; };
		BACE305A2A41548D004F4797 /* AppDelegate.swift in Sources */ = {isa = PBXBuildFile; fileRef = BACE30592A41548D004F4797 /* AppDelegate.swift */; };
		BACE305C2A41548D004F4797 /* SceneDelegate.swift in Sources */ = {isa = PBXBuildFile; fileRef = BACE305B2A41548D004F4797 /* SceneDelegate.swift */; };
		BACE305E2A41548D004F4797 /* RMTabBarController.swift in Sources */ = {isa = PBXBuildFile; fileRef = BACE305D2A41548D004F4797 /* RMTabBarController.swift */; };
		BACE30632A41548E004F4797 /* Assets.xcassets in Resources */ = {isa = PBXBuildFile; fileRef = BACE30622A41548E004F4797 /* Assets.xcassets */; };
		BACE30662A41548E004F4797 /* LaunchScreen.storyboard in Resources */ = {isa = PBXBuildFile; fileRef = BACE30642A41548E004F4797 /* LaunchScreen.storyboard */; };
/* End PBXBuildFile section */

/* Begin PBXFileReference section */
		BA4F8F742A415935007D9A40 /* RMLocation.swift */ = {isa = PBXFileReference; lastKnownFileType = sourcecode.swift; path = RMLocation.swift; sourceTree = "<group>"; };
		BA4F8F762A41593E007D9A40 /* RMCharacter.swift */ = {isa = PBXFileReference; lastKnownFileType = sourcecode.swift; path = RMCharacter.swift; sourceTree = "<group>"; };
		BA4F8F782A415948007D9A40 /* RMEpisode.swift */ = {isa = PBXFileReference; lastKnownFileType = sourcecode.swift; path = RMEpisode.swift; sourceTree = "<group>"; };
		BA4F8F7B2A4159DA007D9A40 /* RMCharactersViewController.swift */ = {isa = PBXFileReference; lastKnownFileType = sourcecode.swift; path = RMCharactersViewController.swift; sourceTree = "<group>"; };
		BA4F8F7D2A4159F2007D9A40 /* RMLocationsViewController.swift */ = {isa = PBXFileReference; lastKnownFileType = sourcecode.swift; path = RMLocationsViewController.swift; sourceTree = "<group>"; };
		BA4F8F7F2A415A04007D9A40 /* RMEpisodesViewController.swift */ = {isa = PBXFileReference; lastKnownFileType = sourcecode.swift; path = RMEpisodesViewController.swift; sourceTree = "<group>"; };
		BA4F8F812A415A1C007D9A40 /* RMSettingsViewController.swift */ = {isa = PBXFileReference; lastKnownFileType = sourcecode.swift; path = RMSettingsViewController.swift; sourceTree = "<group>"; };
		BA8DCC402A41631300005131 /* RMService.swift */ = {isa = PBXFileReference; lastKnownFileType = sourcecode.swift; path = RMService.swift; sourceTree = "<group>"; };
		BA8DCC422A41633600005131 /* RMRequest.swift */ = {isa = PBXFileReference; lastKnownFileType = sourcecode.swift; path = RMRequest.swift; sourceTree = "<group>"; };
		BA8DCC442A4163BB00005131 /* RMEndpoint.swift */ = {isa = PBXFileReference; lastKnownFileType = sourcecode.swift; path = RMEndpoint.swift; sourceTree = "<group>"; };
		BACE30562A41548D004F4797 /* RickAndMorty.app */ = {isa = PBXFileReference; explicitFileType = wrapper.application; includeInIndex = 0; path = RickAndMorty.app; sourceTree = BUILT_PRODUCTS_DIR; };
		BACE30592A41548D004F4797 /* AppDelegate.swift */ = {isa = PBXFileReference; lastKnownFileType = sourcecode.swift; path = AppDelegate.swift; sourceTree = "<group>"; };
		BACE305B2A41548D004F4797 /* SceneDelegate.swift */ = {isa = PBXFileReference; lastKnownFileType = sourcecode.swift; path = SceneDelegate.swift; sourceTree = "<group>"; };
		BACE305D2A41548D004F4797 /* RMTabBarController.swift */ = {isa = PBXFileReference; lastKnownFileType = sourcecode.swift; path = RMTabBarController.swift; sourceTree = "<group>"; };
		BACE30622A41548E004F4797 /* Assets.xcassets */ = {isa = PBXFileReference; lastKnownFileType = folder.assetcatalog; path = Assets.xcassets; sourceTree = "<group>"; };
		BACE30652A41548E004F4797 /* Base */ = {isa = PBXFileReference; lastKnownFileType = file.storyboard; name = Base; path = Base.lproj/LaunchScreen.storyboard; sourceTree = "<group>"; };
		BACE30672A41548E004F4797 /* Info.plist */ = {isa = PBXFileReference; lastKnownFileType = text.plist.xml; path = Info.plist; sourceTree = "<group>"; };
/* End PBXFileReference section */

/* Begin PBXFrameworksBuildPhase section */
		BACE30532A41548D004F4797 /* Frameworks */ = {
			isa = PBXFrameworksBuildPhase;
			buildActionMask = 2147483647;
			files = (
			);
			runOnlyForDeploymentPostprocessing = 0;
		};
/* End PBXFrameworksBuildPhase section */

/* Begin PBXGroup section */
		BA4F8F7A2A41599B007D9A40 /* Core */ = {
			isa = PBXGroup;
			children = (
				BACE305D2A41548D004F4797 /* RMTabBarController.swift */,
				BA4F8F7B2A4159DA007D9A40 /* RMCharactersViewController.swift */,
				BA4F8F7D2A4159F2007D9A40 /* RMLocationsViewController.swift */,
				BA4F8F7F2A415A04007D9A40 /* RMEpisodesViewController.swift */,
				BA4F8F812A415A1C007D9A40 /* RMSettingsViewController.swift */,
			);
			path = Core;
			sourceTree = "<group>";
		};
		BACE304D2A41548D004F4797 = {
			isa = PBXGroup;
			children = (
				BACE30582A41548D004F4797 /* RickAndMorty */,
				BACE30572A41548D004F4797 /* Products */,
			);
			sourceTree = "<group>";
		};
		BACE30572A41548D004F4797 /* Products */ = {
			isa = PBXGroup;
			children = (
				BACE30562A41548D004F4797 /* RickAndMorty.app */,
			);
			name = Products;
			sourceTree = "<group>";
		};
		BACE30582A41548D004F4797 /* RickAndMorty */ = {
			isa = PBXGroup;
			children = (
				BACE30732A415632004F4797 /* Resources */,
				BACE30722A41562E004F4797 /* Managers */,
				BACE30712A41561F004F4797 /* APIClient */,
				BACE30702A415611004F4797 /* ViewModels */,
				BACE306F2A41560A004F4797 /* Views */,
				BACE306E2A415605004F4797 /* Models */,
				BACE306D2A4155FC004F4797 /* Controllers */,
				BACE30672A41548E004F4797 /* Info.plist */,
			);
			path = RickAndMorty;
			sourceTree = "<group>";
		};
		BACE306D2A4155FC004F4797 /* Controllers */ = {
			isa = PBXGroup;
			children = (
				BA4F8F7A2A41599B007D9A40 /* Core */,
			);
			path = Controllers;
			sourceTree = "<group>";
		};
		BACE306E2A415605004F4797 /* Models */ = {
			isa = PBXGroup;
			children = (
				BA4F8F742A415935007D9A40 /* RMLocation.swift */,
				BA4F8F762A41593E007D9A40 /* RMCharacter.swift */,
				BA4F8F782A415948007D9A40 /* RMEpisode.swift */,
			);
			path = Models;
			sourceTree = "<group>";
		};
		BACE306F2A41560A004F4797 /* Views */ = {
			isa = PBXGroup;
			children = (
			);
			path = Views;
			sourceTree = "<group>";
		};
		BACE30702A415611004F4797 /* ViewModels */ = {
			isa = PBXGroup;
			children = (
			);
			path = ViewModels;
			sourceTree = "<group>";
		};
		BACE30712A41561F004F4797 /* APIClient */ = {
			isa = PBXGroup;
			children = (
				BA8DCC402A41631300005131 /* RMService.swift */,
				BA8DCC422A41633600005131 /* RMRequest.swift */,
				BA8DCC442A4163BB00005131 /* RMEndpoint.swift */,
			);
			path = APIClient;
			sourceTree = "<group>";
		};
		BACE30722A41562E004F4797 /* Managers */ = {
			isa = PBXGroup;
			children = (
			);
			path = Managers;
			sourceTree = "<group>";
		};
		BACE30732A415632004F4797 /* Resources */ = {
			isa = PBXGroup;
			children = (
				BACE30622A41548E004F4797 /* Assets.xcassets */,
				BACE30642A41548E004F4797 /* LaunchScreen.storyboard */,
				BACE30592A41548D004F4797 /* AppDelegate.swift */,
				BACE305B2A41548D004F4797 /* SceneDelegate.swift */,
			);
			path = Resources;
			sourceTree = "<group>";
		};
/* End PBXGroup section */

/* Begin PBXNativeTarget section */
		BACE30552A41548D004F4797 /* RickAndMorty */ = {
			isa = PBXNativeTarget;
			buildConfigurationList = BACE306A2A41548E004F4797 /* Build configuration list for PBXNativeTarget "RickAndMorty" */;
			buildPhases = (
				BACE30522A41548D004F4797 /* Sources */,
				BACE30532A41548D004F4797 /* Frameworks */,
				BACE30542A41548D004F4797 /* Resources */,
			);
			buildRules = (
			);
			dependencies = (
			);
			name = RickAndMorty;
			productName = RickAndMorty;
			productReference = BACE30562A41548D004F4797 /* RickAndMorty.app */;
			productType = "com.apple.product-type.application";
		};
/* End PBXNativeTarget section */

/* Begin PBXProject section */
		BACE304E2A41548D004F4797 /* Project object */ = {
			isa = PBXProject;
			attributes = {
				BuildIndependentTargetsInParallel = 1;
				LastSwiftUpdateCheck = 1430;
				LastUpgradeCheck = 1430;
				TargetAttributes = {
					BACE30552A41548D004F4797 = {
						CreatedOnToolsVersion = 14.3;
					};
				};
			};
			buildConfigurationList = BACE30512A41548D004F4797 /* Build configuration list for PBXProject "RickAndMorty" */;
			compatibilityVersion = "Xcode 14.0";
			developmentRegion = en;
			hasScannedForEncodings = 0;
			knownRegions = (
				en,
				Base,
			);
			mainGroup = BACE304D2A41548D004F4797;
			productRefGroup = BACE30572A41548D004F4797 /* Products */;
			projectDirPath = "";
			projectRoot = "";
			targets = (
				BACE30552A41548D004F4797 /* RickAndMorty */,
			);
		};
/* End PBXProject section */

/* Begin PBXResourcesBuildPhase section */
		BACE30542A41548D004F4797 /* Resources */ = {
			isa = PBXResourcesBuildPhase;
			buildActionMask = 2147483647;
			files = (
				BACE30662A41548E004F4797 /* LaunchScreen.storyboard in Resources */,
				BACE30632A41548E004F4797 /* Assets.xcassets in Resources */,
			);
			runOnlyForDeploymentPostprocessing = 0;
		};
/* End PBXResourcesBuildPhase section */

/* Begin PBXSourcesBuildPhase section */
		BACE30522A41548D004F4797 /* Sources */ = {
			isa = PBXSourcesBuildPhase;
			buildActionMask = 2147483647;
			files = (
				BA4F8F7E2A4159F2007D9A40 /* RMLocationsViewController.swift in Sources */,
				BA4F8F792A415948007D9A40 /* RMEpisode.swift in Sources */,
				BACE305E2A41548D004F4797 /* RMTabBarController.swift in Sources */,
				BA4F8F802A415A04007D9A40 /* RMEpisodesViewController.swift in Sources */,
				BACE305A2A41548D004F4797 /* AppDelegate.swift in Sources */,
				BACE305C2A41548D004F4797 /* SceneDelegate.swift in Sources */,
				BA4F8F822A415A1C007D9A40 /* RMSettingsViewController.swift in Sources */,
				BA8DCC412A41631300005131 /* RMService.swift in Sources */,
				BA4F8F752A415935007D9A40 /* RMLocation.swift in Sources */,
				BA8DCC452A4163BB00005131 /* RMEndpoint.swift in Sources */,
				BA4F8F772A41593F007D9A40 /* RMCharacter.swift in Sources */,
				BA8DCC432A41633600005131 /* RMRequest.swift in Sources */,
				BA4F8F7C2A4159DA007D9A40 /* RMCharactersViewController.swift in Sources */,
			);
			runOnlyForDeploymentPostprocessing = 0;
		};
/* End PBXSourcesBuildPhase section */

/* Begin PBXVariantGroup section */
		BACE30642A41548E004F4797 /* LaunchScreen.storyboard */ = {
			isa = PBXVariantGroup;
			children = (
				BACE30652A41548E004F4797 /* Base */,
			);
			name = LaunchScreen.storyboard;
			sourceTree = "<group>";
		};
/* End PBXVariantGroup section */

/* Begin XCBuildConfiguration section */
		BACE30682A41548E004F4797 /* Debug */ = {
			isa = XCBuildConfiguration;
			buildSettings = {
				ALWAYS_SEARCH_USER_PATHS = NO;
				CLANG_ANALYZER_NONNULL = YES;
				CLANG_ANALYZER_NUMBER_OBJECT_CONVERSION = YES_AGGRESSIVE;
				CLANG_CXX_LANGUAGE_STANDARD = "gnu++20";
				CLANG_ENABLE_MODULES = YES;
				CLANG_ENABLE_OBJC_ARC = YES;
				CLANG_ENABLE_OBJC_WEAK = YES;
				CLANG_WARN_BLOCK_CAPTURE_AUTORELEASING = YES;
				CLANG_WARN_BOOL_CONVERSION = YES;
				CLANG_WARN_COMMA = YES;
				CLANG_WARN_CONSTANT_CONVERSION = YES;
				CLANG_WARN_DEPRECATED_OBJC_IMPLEMENTATIONS = YES;
				CLANG_WARN_DIRECT_OBJC_ISA_USAGE = YES_ERROR;
				CLANG_WARN_DOCUMENTATION_COMMENTS = YES;
				CLANG_WARN_EMPTY_BODY = YES;
				CLANG_WARN_ENUM_CONVERSION = YES;
				CLANG_WARN_INFINITE_RECURSION = YES;
				CLANG_WARN_INT_CONVERSION = YES;
				CLANG_WARN_NON_LITERAL_NULL_CONVERSION = YES;
				CLANG_WARN_OBJC_IMPLICIT_RETAIN_SELF = YES;
				CLANG_WARN_OBJC_LITERAL_CONVERSION = YES;
				CLANG_WARN_OBJC_ROOT_CLASS = YES_ERROR;
				CLANG_WARN_QUOTED_INCLUDE_IN_FRAMEWORK_HEADER = YES;
				CLANG_WARN_RANGE_LOOP_ANALYSIS = YES;
				CLANG_WARN_STRICT_PROTOTYPES = YES;
				CLANG_WARN_SUSPICIOUS_MOVE = YES;
				CLANG_WARN_UNGUARDED_AVAILABILITY = YES_AGGRESSIVE;
				CLANG_WARN_UNREACHABLE_CODE = YES;
				CLANG_WARN__DUPLICATE_METHOD_MATCH = YES;
				COPY_PHASE_STRIP = NO;
				DEBUG_INFORMATION_FORMAT = dwarf;
				ENABLE_STRICT_OBJC_MSGSEND = YES;
				ENABLE_TESTABILITY = YES;
				GCC_C_LANGUAGE_STANDARD = gnu11;
				GCC_DYNAMIC_NO_PIC = NO;
				GCC_NO_COMMON_BLOCKS = YES;
				GCC_OPTIMIZATION_LEVEL = 0;
				GCC_PREPROCESSOR_DEFINITIONS = (
					"DEBUG=1",
					"$(inherited)",
				);
				GCC_WARN_64_TO_32_BIT_CONVERSION = YES;
				GCC_WARN_ABOUT_RETURN_TYPE = YES_ERROR;
				GCC_WARN_UNDECLARED_SELECTOR = YES;
				GCC_WARN_UNINITIALIZED_AUTOS = YES_AGGRESSIVE;
				GCC_WARN_UNUSED_FUNCTION = YES;
				GCC_WARN_UNUSED_VARIABLE = YES;
				IPHONEOS_DEPLOYMENT_TARGET = 16.4;
				MTL_ENABLE_DEBUG_INFO = INCLUDE_SOURCE;
				MTL_FAST_MATH = YES;
				ONLY_ACTIVE_ARCH = YES;
				SDKROOT = iphoneos;
				SWIFT_ACTIVE_COMPILATION_CONDITIONS = DEBUG;
				SWIFT_OPTIMIZATION_LEVEL = "-Onone";
			};
			name = Debug;
		};
		BACE30692A41548E004F4797 /* Release */ = {
			isa = XCBuildConfiguration;
			buildSettings = {
				ALWAYS_SEARCH_USER_PATHS = NO;
				CLANG_ANALYZER_NONNULL = YES;
				CLANG_ANALYZER_NUMBER_OBJECT_CONVERSION = YES_AGGRESSIVE;
				CLANG_CXX_LANGUAGE_STANDARD = "gnu++20";
				CLANG_ENABLE_MODULES = YES;
				CLANG_ENABLE_OBJC_ARC = YES;
				CLANG_ENABLE_OBJC_WEAK = YES;
				CLANG_WARN_BLOCK_CAPTURE_AUTORELEASING = YES;
				CLANG_WARN_BOOL_CONVERSION = YES;
				CLANG_WARN_COMMA = YES;
				CLANG_WARN_CONSTANT_CONVERSION = YES;
				CLANG_WARN_DEPRECATED_OBJC_IMPLEMENTATIONS = YES;
				CLANG_WARN_DIRECT_OBJC_ISA_USAGE = YES_ERROR;
				CLANG_WARN_DOCUMENTATION_COMMENTS = YES;
				CLANG_WARN_EMPTY_BODY = YES;
				CLANG_WARN_ENUM_CONVERSION = YES;
				CLANG_WARN_INFINITE_RECURSION = YES;
				CLANG_WARN_INT_CONVERSION = YES;
				CLANG_WARN_NON_LITERAL_NULL_CONVERSION = YES;
				CLANG_WARN_OBJC_IMPLICIT_RETAIN_SELF = YES;
				CLANG_WARN_OBJC_LITERAL_CONVERSION = YES;
				CLANG_WARN_OBJC_ROOT_CLASS = YES_ERROR;
				CLANG_WARN_QUOTED_INCLUDE_IN_FRAMEWORK_HEADER = YES;
				CLANG_WARN_RANGE_LOOP_ANALYSIS = YES;
				CLANG_WARN_STRICT_PROTOTYPES = YES;
				CLANG_WARN_SUSPICIOUS_MOVE = YES;
				CLANG_WARN_UNGUARDED_AVAILABILITY = YES_AGGRESSIVE;
				CLANG_WARN_UNREACHABLE_CODE = YES;
				CLANG_WARN__DUPLICATE_METHOD_MATCH = YES;
				COPY_PHASE_STRIP = NO;
				DEBUG_INFORMATION_FORMAT = "dwarf-with-dsym";
				ENABLE_NS_ASSERTIONS = NO;
				ENABLE_STRICT_OBJC_MSGSEND = YES;
				GCC_C_LANGUAGE_STANDARD = gnu11;
				GCC_NO_COMMON_BLOCKS = YES;
				GCC_WARN_64_TO_32_BIT_CONVERSION = YES;
				GCC_WARN_ABOUT_RETURN_TYPE = YES_ERROR;
				GCC_WARN_UNDECLARED_SELECTOR = YES;
				GCC_WARN_UNINITIALIZED_AUTOS = YES_AGGRESSIVE;
				GCC_WARN_UNUSED_FUNCTION = YES;
				GCC_WARN_UNUSED_VARIABLE = YES;
				IPHONEOS_DEPLOYMENT_TARGET = 16.4;
				MTL_ENABLE_DEBUG_INFO = NO;
				MTL_FAST_MATH = YES;
				SDKROOT = iphoneos;
				SWIFT_COMPILATION_MODE = wholemodule;
				SWIFT_OPTIMIZATION_LEVEL = "-O";
				VALIDATE_PRODUCT = YES;
			};
			name = Release;
		};
		BACE306B2A41548E004F4797 /* Debug */ = {
			isa = XCBuildConfiguration;
			buildSettings = {
				ASSETCATALOG_COMPILER_APPICON_NAME = AppIcon;
				ASSETCATALOG_COMPILER_GLOBAL_ACCENT_COLOR_NAME = AccentColor;
				CODE_SIGN_STYLE = Automatic;
				CURRENT_PROJECT_VERSION = 1;
				DEVELOPMENT_TEAM = 9K6CFYQR88;
				GENERATE_INFOPLIST_FILE = YES;
				INFOPLIST_FILE = RickAndMorty/Info.plist;
				INFOPLIST_KEY_UIApplicationSupportsIndirectInputEvents = YES;
				INFOPLIST_KEY_UILaunchStoryboardName = LaunchScreen;
				INFOPLIST_KEY_UISupportedInterfaceOrientations_iPad = "UIInterfaceOrientationPortrait UIInterfaceOrientationPortraitUpsideDown UIInterfaceOrientationLandscapeLeft UIInterfaceOrientationLandscapeRight";
				INFOPLIST_KEY_UISupportedInterfaceOrientations_iPhone = "UIInterfaceOrientationPortrait UIInterfaceOrientationLandscapeLeft UIInterfaceOrientationLandscapeRight";
				LD_RUNPATH_SEARCH_PATHS = (
					"$(inherited)",
					"@executable_path/Frameworks",
				);
				MARKETING_VERSION = 1.0;
				PRODUCT_BUNDLE_IDENTIFIER = bythegeek.RickAndMorty;
				PRODUCT_NAME = "$(TARGET_NAME)";
				SWIFT_EMIT_LOC_STRINGS = YES;
				SWIFT_VERSION = 5.0;
				TARGETED_DEVICE_FAMILY = "1,2";
			};
			name = Debug;
		};
		BACE306C2A41548E004F4797 /* Release */ = {
			isa = XCBuildConfiguration;
			buildSettings = {
				ASSETCATALOG_COMPILER_APPICON_NAME = AppIcon;
				ASSETCATALOG_COMPILER_GLOBAL_ACCENT_COLOR_NAME = AccentColor;
				CODE_SIGN_STYLE = Automatic;
				CURRENT_PROJECT_VERSION = 1;
				DEVELOPMENT_TEAM = 9K6CFYQR88;
				GENERATE_INFOPLIST_FILE = YES;
				INFOPLIST_FILE = RickAndMorty/Info.plist;
				INFOPLIST_KEY_UIApplicationSupportsIndirectInputEvents = YES;
				INFOPLIST_KEY_UILaunchStoryboardName = LaunchScreen;
				INFOPLIST_KEY_UISupportedInterfaceOrientations_iPad = "UIInterfaceOrientationPortrait UIInterfaceOrientationPortraitUpsideDown UIInterfaceOrientationLandscapeLeft UIInterfaceOrientationLandscapeRight";
				INFOPLIST_KEY_UISupportedInterfaceOrientations_iPhone = "UIInterfaceOrientationPortrait UIInterfaceOrientationLandscapeLeft UIInterfaceOrientationLandscapeRight";
				LD_RUNPATH_SEARCH_PATHS = (
					"$(inherited)",
					"@executable_path/Frameworks",
				);
				MARKETING_VERSION = 1.0;
				PRODUCT_BUNDLE_IDENTIFIER = bythegeek.RickAndMorty;
				PRODUCT_NAME = "$(TARGET_NAME)";
				SWIFT_EMIT_LOC_STRINGS = YES;
				SWIFT_VERSION = 5.0;
				TARGETED_DEVICE_FAMILY = "1,2";
			};
			name = Release;
		};
/* End XCBuildConfiguration section */

/* Begin XCConfigurationList section */
		BACE30512A41548D004F4797 /* Build configuration list for PBXProject "RickAndMorty" */ = {
			isa = XCConfigurationList;
			buildConfigurations = (
				BACE30682A41548E004F4797 /* Debug */,
				BACE30692A41548E004F4797 /* Release */,
			);
			defaultConfigurationIsVisible = 0;
			defaultConfigurationName = Release;
		};
		BACE306A2A41548E004F4797 /* Build configuration list for PBXNativeTarget "RickAndMorty" */ = {
			isa = XCConfigurationList;
			buildConfigurations = (
				BACE306B2A41548E004F4797 /* Debug */,
				BACE306C2A41548E004F4797 /* Release */,
			);
			defaultConfigurationIsVisible = 0;
			defaultConfigurationName = Release;
		};
/* End XCConfigurationList section */
	};
	rootObject = BACE304E2A41548D004F4797 /* Project object */;
}
